{
  "version": "3",
  "packages": {
    "specifiers": {
      "jsr:@bradenmacdonald/s3-lite-client@0.7.6": "jsr:@bradenmacdonald/s3-lite-client@0.7.6",
      "jsr:@core/unknownutil@^3.18.0": "jsr:@core/unknownutil@3.18.1",
      "jsr:@deno/cache-dir@0.8": "jsr:@deno/cache-dir@0.8.0",
      "jsr:@deno/emit": "jsr:@deno/emit@0.43.0",
      "jsr:@deno/graph@^0.73.1": "jsr:@deno/graph@0.73.1",
      "jsr:@lambdalisue/async@^2.1.1": "jsr:@lambdalisue/async@2.1.1",
      "jsr:@molt/core": "jsr:@molt/core@0.18.5",
      "jsr:@molt/lib@^0.18.0": "jsr:@molt/lib@0.18.5",
      "jsr:@std/assert@^0.218.2": "jsr:@std/assert@0.218.2",
      "jsr:@std/assert@^0.222.1": "jsr:@std/assert@0.222.1",
      "jsr:@std/assert@^0.223.0": "jsr:@std/assert@0.223.0",
      "jsr:@std/async@1.0.0": "jsr:@std/async@1.0.0",
      "jsr:@std/bytes@^0.218.2": "jsr:@std/bytes@0.218.2",
      "jsr:@std/bytes@^1.0.1-rc.3": "jsr:@std/bytes@1.0.2",
      "jsr:@std/collections@^0.222.1": "jsr:@std/collections@0.222.1",
      "jsr:@std/encoding": "jsr:@std/encoding@1.0.1",
      "jsr:@std/encoding@1.0.1": "jsr:@std/encoding@1.0.1",
      "jsr:@std/fmt@^0.218.2": "jsr:@std/fmt@0.218.2",
      "jsr:@std/fmt@^0.222.1": "jsr:@std/fmt@0.222.1",
      "jsr:@std/fs@^0.218.2": "jsr:@std/fs@0.218.2",
      "jsr:@std/fs@^0.222.1": "jsr:@std/fs@0.222.1",
      "jsr:@std/io@^0.218.2": "jsr:@std/io@0.218.2",
      "jsr:@std/io@^0.224": "jsr:@std/io@0.224.3",
      "jsr:@std/jsonc@^0.222.1": "jsr:@std/jsonc@0.222.1",
      "jsr:@std/path@^0.218.2": "jsr:@std/path@0.218.2",
      "jsr:@std/path@^0.222.1": "jsr:@std/path@0.222.1",
      "jsr:@std/path@^0.223.0": "jsr:@std/path@0.223.0",
      "jsr:@std/semver@^0.222.1": "jsr:@std/semver@0.222.1",
      "npm:@types/node": "npm:@types/node@18.16.19",
      "npm:preact-render-to-string@6.5.6": "npm:preact-render-to-string@6.5.6_preact@10.22.1"
    },
    "jsr": {
      "@bradenmacdonald/s3-lite-client@0.7.6": {
        "integrity": "2b5976dca95d207dc88e23f9807e3eecbc441b0cf547dcda5784afe6668404d1",
        "dependencies": [
          "jsr:@std/io@^0.224"
        ]
      },
      "@core/unknownutil@3.18.1": {
        "integrity": "6aaa108b623ff971d062dd345da7ca03b97f61ae3d29c8677bff14fec11f0d76"
      },
      "@deno/cache-dir@0.8.0": {
        "integrity": "e87e80a404958f6350d903e6238b72afb92468378b0b32111f7a1e4916ac7fe7",
        "dependencies": [
          "jsr:@std/fmt@^0.218.2",
          "jsr:@std/fs@^0.218.2",
          "jsr:@std/io@^0.218.2",
          "jsr:@std/path@^0.218.2"
        ]
      },
      "@deno/emit@0.43.0": {
        "integrity": "814b70ac2d7fceb2c96ade7b5cb9371a5862415f06115f6c2dacb4d53c13517f",
        "dependencies": [
          "jsr:@deno/cache-dir@0.8",
          "jsr:@std/path@^0.223.0"
        ]
      },
      "@deno/graph@0.73.1": {
        "integrity": "cd69639d2709d479037d5ce191a422eabe8d71bb68b0098344f6b07411c84d41"
      },
      "@lambdalisue/async@2.1.1": {
        "integrity": "1fc9bc6f4ed50215cd2f7217842b18cea80f81c25744f88f8c5eb4be5a1c9ab4"
      },
      "@molt/core@0.18.5": {
        "integrity": "42bc81de1af0ffd728626bfd99350c0f01ddec53988a8d069561009953a55823",
        "dependencies": [
          "jsr:@core/unknownutil@^3.18.0",
          "jsr:@deno/graph@^0.73.1",
          "jsr:@lambdalisue/async@^2.1.1",
          "jsr:@molt/lib@^0.18.0",
          "jsr:@std/assert@^0.222.1",
          "jsr:@std/collections@^0.222.1",
          "jsr:@std/fs@^0.222.1",
          "jsr:@std/jsonc@^0.222.1",
          "jsr:@std/path@^0.222.1",
          "jsr:@std/semver@^0.222.1"
        ]
      },
      "@molt/lib@0.18.5": {
        "integrity": "dfbcf01f9c57f57d0fc2581ec8ac087f933f17da106feaaf60feced2e8cc6eab",
        "dependencies": [
          "jsr:@std/path@^0.222.1"
        ]
      },
      "@std/assert@0.218.2": {
        "integrity": "7f0a5a1a8cf86607cd6c2c030584096e1ffad27fc9271429a8cb48cfbdee5eaf"
      },
      "@std/assert@0.222.1": {
        "integrity": "691637161ee584a9919d1f9950ddd1272feb8e0a19e83aa5b7563cedaf73d74c",
        "dependencies": [
          "jsr:@std/fmt@^0.222.1"
        ]
      },
      "@std/assert@0.223.0": {
        "integrity": "eb8d6d879d76e1cc431205bd346ed4d88dc051c6366365b1af47034b0670be24"
      },
      "@std/async@1.0.0": {
        "integrity": "19891d4540cd3af5efd1d7b1f0e92f6ca365e51edc263fbc077334173878e528"
      },
      "@std/bytes@0.218.2": {
        "integrity": "91fe54b232dcca73856b79a817247f4a651dbb60d51baafafb6408c137241670"
      },
      "@std/bytes@1.0.2": {
        "integrity": "fbdee322bbd8c599a6af186a1603b3355e59a5fb1baa139f8f4c3c9a1b3e3d57"
      },
      "@std/collections@0.222.1": {
        "integrity": "234099e08eead6a87e59f4f1abdcba35df5503cfb0e852e77a19f79359ed5760"
      },
      "@std/encoding@1.0.1": {
        "integrity": "5955c6c542ebb4ce6587c3b548dc71e07a6c27614f1976d1d3887b1196cf4e65"
      },
      "@std/fmt@0.218.2": {
        "integrity": "99526449d2505aa758b6cbef81e7dd471d8b28ec0dcb1491d122b284c548788a"
      },
      "@std/fmt@0.222.1": {
        "integrity": "ec3382f9b0261c1ab1a5c804aa355d816515fa984cdd827ed32edfb187c0a722"
      },
      "@std/fs@0.218.2": {
        "integrity": "dd9431453f7282e8c577cc22c9e6d036055a9a980b5549f887d6012969fabcca"
      },
      "@std/fs@0.222.1": {
        "integrity": "337613f33e6e5970dddb263c3a3e5b8e39c97810ad6fe326cb9f65146af2503b",
        "dependencies": [
          "jsr:@std/assert@^0.222.1",
          "jsr:@std/path@^0.222.1"
        ]
      },
      "@std/io@0.218.2": {
        "integrity": "c64fbfa087b7c9d4d386c5672f291f607d88cb7d44fc299c20c713e345f2785f",
        "dependencies": [
          "jsr:@std/assert@^0.218.2",
          "jsr:@std/bytes@^0.218.2"
        ]
      },
      "@std/io@0.224.3": {
        "integrity": "b402edeb99c6b3778d9ae3e9927bc9085b170b41e5a09bbb7064ab2ee394ae2f",
        "dependencies": [
          "jsr:@std/bytes@^1.0.1-rc.3"
        ]
      },
      "@std/jsonc@0.222.1": {
        "integrity": "5d82d64eeb244e88fbb0927587dea7e1feccc6d5d9f49995b9ff5756d01be493",
        "dependencies": [
          "jsr:@std/assert@^0.222.1"
        ]
      },
      "@std/path@0.218.2": {
        "integrity": "b568fd923d9e53ad76d17c513e7310bda8e755a3e825e6289a0ce536404e2662",
        "dependencies": [
          "jsr:@std/assert@^0.218.2"
        ]
      },
      "@std/path@0.222.1": {
        "integrity": "aad3e9463ca53b0adb25b4d5beb330025674aaa3278da24c1c261d9289a9e48b",
        "dependencies": [
          "jsr:@std/assert@^0.222.1"
        ]
      },
      "@std/path@0.223.0": {
        "integrity": "593963402d7e6597f5a6e620931661053572c982fc014000459edc1f93cc3989",
        "dependencies": [
          "jsr:@std/assert@^0.223.0"
        ]
      },
      "@std/semver@0.222.1": {
        "integrity": "43c5b526423f48f6f75375c77226646803776fdc678b331f243b0bd667d54c18"
      }
    },
    "npm": {
      "@types/node@18.16.19": {
        "integrity": "sha512-IXl7o+R9iti9eBW4Wg2hx1xQDig183jj7YLn8F7udNceyfkbn1ZxmzZXuak20gR40D7pIkIY1kYGx5VIGbaHKA==",
        "dependencies": {}
      },
      "preact-render-to-string@6.5.6_preact@10.22.1": {
        "integrity": "sha512-msFdv7/ooTV6OIodAnU87V4ct+m2DA1rwaRYV+DNvTYpm/ZInQfoGrcHmbTkV7TOcJaHh5wt1NjiALA46Jyxhw==",
        "dependencies": {
          "preact": "preact@10.22.1"
        }
      },
      "preact@10.22.1": {
        "integrity": "sha512-jRYbDDgMpIb5LHq3hkI0bbl+l/TQ9UnkdQ0ww+lp+4MMOdqaUYdFc5qeyP+IV8FAd/2Em7drVPeKdQxsiWCf/A==",
        "dependencies": {}
      }
    }
  },
  "redirects": {
    "https://deno.land/x/imagescript/mod.ts": "https://deno.land/x/imagescript@1.3.0/mod.ts"
  },
  "remote": {
    "https://deno.land/x/imagemagick_deno@0.0.26/mod.ts": "2ed72fb5adaf56ee8b850ddc7da91456700a36ed1b149fa8fd70be5adfa51f24",
    "https://deno.land/x/imagemagick_deno@0.0.26/src/alpha-option.ts": "749a9f3309e491ec09a1d6bc50ce95d9733887d9f57c6863c4ff1c7e9610227b",
    "https://deno.land/x/imagemagick_deno@0.0.26/src/auto-threshold-method.ts": "bb08a00046137e441930e56190b6db10c5fe657cb0a6142cd565a40b1c4250a2",
    "https://deno.land/x/imagemagick_deno@0.0.26/src/byte-array.ts": "bb00cd720dcea06b0d41a500a02e6ad6ace6d4e6fcab06dc943b85bfe0773493",
    "https://deno.land/x/imagemagick_deno@0.0.26/src/channel-statistics.ts": "503871a48800436cbd02baee45f5e55aa7a0d95c3cd36e1111cf36dda946f43c",
    "https://deno.land/x/imagemagick_deno@0.0.26/src/channels.ts": "03e46f10df374d002cc39d10a6bc93c68deb4e1158bef1107234e10a192b05c7",
    "https://deno.land/x/imagemagick_deno@0.0.26/src/chromaticity-info.ts": "192bbfff68cafe77ec5b6439e67f00a96d292e1bd4f482e29f2a32e519121fb1",
    "https://deno.land/x/imagemagick_deno@0.0.26/src/class-type.ts": "11970b07ecdd97798ea9ff45b080e77f6711595cef73c678e0393e21c765de05",
    "https://deno.land/x/imagemagick_deno@0.0.26/src/color-space.ts": "3d9a60f3a8bfefea8d9525572d7bd6214530c69688e8799dceb492b7797d1d0a",
    "https://deno.land/x/imagemagick_deno@0.0.26/src/color-type.ts": "d6a588272044ad171bfd98ea13fb510fce19b8afc4cafdbaadc2a562fbcc380e",
    "https://deno.land/x/imagemagick_deno@0.0.26/src/composite-operator.ts": "f4b5046415c5965d53b17a9e441a42d87e8477b7c158704abd417d6ac10f3ea0",
    "https://deno.land/x/imagemagick_deno@0.0.26/src/compression-method.ts": "5bb7b8884eadcd91e6ad6016d1a644bdb5022020cdc58df1be3d38f742054ae1",
    "https://deno.land/x/imagemagick_deno@0.0.26/src/defines/define.ts": "645fb3a06424ed750250212ac8762ba2ea97c4e4fdbda8aedf21734cbaf4833c",
    "https://deno.land/x/imagemagick_deno@0.0.26/src/defines/defines-creator.ts": "876b7215bb6523cee562bcdf95cdd20cce33dd118db9f61d3d9e6305d5cfa631",
    "https://deno.land/x/imagemagick_deno@0.0.26/src/defines/defines.ts": "fc8e12475e11a30f9f6f9c2b5e2fba94b01d65135654b97694da915d40fae2fe",
    "https://deno.land/x/imagemagick_deno@0.0.26/src/defines/magick-define.ts": "07e9e7fab4ea23f06f584163a99e0007ac1d1f3379ab4a872f1ddd555dd8ddd1",
    "https://deno.land/x/imagemagick_deno@0.0.26/src/density-unit.ts": "4e5a451dde11303aaf99f7f5f9c1409f2d5399e0678a4ab589a33e9757d04491",
    "https://deno.land/x/imagemagick_deno@0.0.26/src/density.ts": "b12b953f53900a2182563963fc08074453fb7bff387c06a7e04a8b26045be91e",
    "https://deno.land/x/imagemagick_deno@0.0.26/src/disposable.ts": "4e30ceedea5c7829153ded68929cc206a303be220a560bb27319b607ee68c4a7",
    "https://deno.land/x/imagemagick_deno@0.0.26/src/distort-method.ts": "13819e00ccb6a636af9ece5d11dfce9451e578d46c94e1f528b0ae5da7721985",
    "https://deno.land/x/imagemagick_deno@0.0.26/src/drawables/drawable-color.ts": "fe3785761844f09a2c8bfda1821580c18706d986b1e7619dd984db6d33f3093a",
    "https://deno.land/x/imagemagick_deno@0.0.26/src/drawables/drawable-fill-color.ts": "566325e1b1eee1e4d74a97c7f0cfbd5cc1c3dbab9a39e8820b3e2555280fe633",
    "https://deno.land/x/imagemagick_deno@0.0.26/src/drawables/drawable-fill-opacity.ts": "a8bfce5d256ed1f296b4e57ae49035dad0baadec57b7ee68731494530b5df816",
    "https://deno.land/x/imagemagick_deno@0.0.26/src/drawables/drawable-font-point-size.ts": "ca4f41670186b13c1195eef74764af1ea00592b9faad5970d7867b3cb47630c3",
    "https://deno.land/x/imagemagick_deno@0.0.26/src/drawables/drawable-font.ts": "6a332ab99030ffe9fffd83704ba3e655649e48f026ef78dfb04d0bb1f99416bf",
    "https://deno.land/x/imagemagick_deno@0.0.26/src/drawables/drawable-gravity.ts": "184729aecc6d700a81eec2b8157b27b77f28c4188eb0f0337446b933e3857dbe",
    "https://deno.land/x/imagemagick_deno@0.0.26/src/drawables/drawable-rectangle.ts": "c6b1bb4b81a7e66e59a9338d45816a8471d951a6583567df68b31d3fde5ae6e0",
    "https://deno.land/x/imagemagick_deno@0.0.26/src/drawables/drawable-round-rectangle.ts": "7cd7e90d6d5902abee81061c7ce5919a50ef340d67d984f1ab5eb15ba22683c8",
    "https://deno.land/x/imagemagick_deno@0.0.26/src/drawables/drawable-text-alignment.ts": "e657d2b012966f653b13890f4cdcb54e2b9d3c28dd78f40205e02ffc4b4942cf",
    "https://deno.land/x/imagemagick_deno@0.0.26/src/drawables/drawable-text-antialias.ts": "f3f3ab526c2b06968b7f16bd9a705f2163ee4c022074fb763ec269218c2f773c",
    "https://deno.land/x/imagemagick_deno@0.0.26/src/drawables/drawable-text-decoration.ts": "d6676422074bde0c86c5a2787822d8475936b56da4c02bd47eb10044d48f29bd",
    "https://deno.land/x/imagemagick_deno@0.0.26/src/drawables/drawable-text-interline-spacing.ts": "8ae3cc5892c605a3ee7ae91d1c41c8f90a7c0d8c7a7e5ec50746047971cd0fda",
    "https://deno.land/x/imagemagick_deno@0.0.26/src/drawables/drawable-text-interword-spacing.ts": "a5b5b5d2081e87552e1b45b2fc734da7885a71a006bd69d8b7f08ed569a37788",
    "https://deno.land/x/imagemagick_deno@0.0.26/src/drawables/drawable-text-kerning.ts": "fb719d6a9ce610a859f43d63eada784510f8e71ace6d57a6ccd43cf504c71103",
    "https://deno.land/x/imagemagick_deno@0.0.26/src/drawables/drawable-text-under-color.ts": "21a7690993e86c22450cda3334092c12ba34dada09817745ea2e685aebb1b1a9",
    "https://deno.land/x/imagemagick_deno@0.0.26/src/drawables/drawable-text.ts": "f13d014b6f8b06e666b701b3860864711d0a0f942c1a30940af939705e72e5ce",
    "https://deno.land/x/imagemagick_deno@0.0.26/src/drawables/drawable.ts": "61b40233ea3c28664c2f8dfd8d794772d8a7a779f4228060efd41b0d44762521",
    "https://deno.land/x/imagemagick_deno@0.0.26/src/drawables/drawing-wand.ts": "fa759f55b7a676deb8c0f9af61a074493eaed86bf527ce0a1b7637229f9dc482",
    "https://deno.land/x/imagemagick_deno@0.0.26/src/endian.ts": "5c36e4c104dd79760a96d1a7e759fbb04907b40d4cbfd30a25d3ef25bf7f63ed",
    "https://deno.land/x/imagemagick_deno@0.0.26/src/error-metric.ts": "fafe44d95312b0e9dd6e5d6d3efd536764468a4b80e3dc3d7d7efc33a40fb871",
    "https://deno.land/x/imagemagick_deno@0.0.26/src/evaluate-operator.ts": "c05d51cb193d95ce0432dee914465cbafc35026ea1102cc48f431571bfb67260",
    "https://deno.land/x/imagemagick_deno@0.0.26/src/filter-type.ts": "face0109ae9e56125b778a8842384031d6e0bd688dfcf96c0861f2fd8bb27225",
    "https://deno.land/x/imagemagick_deno@0.0.26/src/formats/dng/dng-output-color.ts": "13533caccea31a8e6cd960df47c1b608f89a786d51e9c4b3b869ca40eb01c5a8",
    "https://deno.land/x/imagemagick_deno@0.0.26/src/formats/dng/dng-read-defines.ts": "73d3fdc79c0f37ea3b2681f4e159cd927c25cb0801cc43905a4331171062f6c8",
    "https://deno.land/x/imagemagick_deno@0.0.26/src/gif-dispose-method.ts": "841f730e6c282d81296111c32208614adb9c96cd700c76df4eae71140458f9d5",
    "https://deno.land/x/imagemagick_deno@0.0.26/src/gravity.ts": "ed99d33e3775c510c0a29fb330ca5ac9445e41dd3644507186c25cc32eb8634a",
    "https://deno.land/x/imagemagick_deno@0.0.26/src/image-magick.ts": "a86eda53f0d5a9054883b63fe48957d01a385eda57370e3dc080a7cc5f127e70",
    "https://deno.land/x/imagemagick_deno@0.0.26/src/index.ts": "659f1e0c9efa82d49f8bc53d610968e065bec4223538d92e9c55c5e4157dbd96",
    "https://deno.land/x/imagemagick_deno@0.0.26/src/interlace.ts": "7b75a93d79311bcb5fe6d749f91d2bf122f2443a771dff721c11756e823dc445",
    "https://deno.land/x/imagemagick_deno@0.0.26/src/internal/disposable-array.ts": "048f80ffee94ccb37437961e7bcaa57ee0b0bd95a64423257010a8eeb18e9fae",
    "https://deno.land/x/imagemagick_deno@0.0.26/src/internal/disposable.ts": "4c492c40df42590cd3400f415054ea942311918b8f4cdd90a8e00fcadd9a76d8",
    "https://deno.land/x/imagemagick_deno@0.0.26/src/internal/exception/exception.ts": "2c1e1d5f6df4fcaef50403ed18f5ebdf560a5e764944d569db406e97f76f2aae",
    "https://deno.land/x/imagemagick_deno@0.0.26/src/internal/geometry-flags.ts": "56bbc3f668db2e67f607cd1c08e07f51ded80a8c402efb0b6cd4ad98d0f69d19",
    "https://deno.land/x/imagemagick_deno@0.0.26/src/internal/magick-rectangle.ts": "ffffcd9ebffe20f871396af22c9f5acb332b5d503a5b21200a94e1e61e4e68b3",
    "https://deno.land/x/imagemagick_deno@0.0.26/src/internal/native/array.ts": "99fa112bde643aceda481db90be21d6264c23074cf77ad4a7fee41208ba75dcd",
    "https://deno.land/x/imagemagick_deno@0.0.26/src/internal/native/string.ts": "a8edad35a243f76ef98cf387580bbf771790d1b1d8299d77ea1731aa75c2c158",
    "https://deno.land/x/imagemagick_deno@0.0.26/src/internal/pointer/pointer.ts": "821ad62e6664c9e7dbe8c9d1d1f79ff4d3a76b6cf64d1a2ed943f03516fb2e8a",
    "https://deno.land/x/imagemagick_deno@0.0.26/src/internal/string-info.ts": "6121081f0382fdfe259bb6c95655b1626cc68af778ad91af437daa8c55965575",
    "https://deno.land/x/imagemagick_deno@0.0.26/src/kernel.ts": "57b8eead1ed75b953332d6d101c776f50f17d60f70c79c93768e664cd5bbc4a7",
    "https://deno.land/x/imagemagick_deno@0.0.26/src/log-event-types.ts": "91dba33b2a47dff56489d76791002a453c8387ccd2bdfba58a845f1f61fb22da",
    "https://deno.land/x/imagemagick_deno@0.0.26/src/log-event.ts": "e365ae40d58d7c1e2d7611aa4e63d0478fb80b4ac233a844235ab3cc42a92ddc",
    "https://deno.land/x/imagemagick_deno@0.0.26/src/magick-color.ts": "6e849e94f3183d86f44d55f4646af394d0d3573fbce8b26b6d6bfbda03dcaf5c",
    "https://deno.land/x/imagemagick_deno@0.0.26/src/magick-colors.ts": "c3a4cdbbca0ebce9386ae71f835118847d8770573efcb63a35c54242aa156f90",
    "https://deno.land/x/imagemagick_deno@0.0.26/src/magick-error-severity.ts": "160e5f07bad67542c9c95a8ec61e70f294333bf7f3c463419dc4fadfacdbdbf6",
    "https://deno.land/x/imagemagick_deno@0.0.26/src/magick-error.ts": "5a515e203373ef48903bda51635e04f232bf3144eaee48c66d65df1e705346d4",
    "https://deno.land/x/imagemagick_deno@0.0.26/src/magick-format-info.ts": "8c3ae6ca748d18ae69e33756d2cf64219971350a856407861a0bf7bc119909a6",
    "https://deno.land/x/imagemagick_deno@0.0.26/src/magick-format.ts": "4d7d5ad6ba825c17a75f964ba5d4ca142b9642e66ddf9adb9a0e71bf93ff89d9",
    "https://deno.land/x/imagemagick_deno@0.0.26/src/magick-geometry.ts": "2ce766f7d4338484fed3fd9b25d4ec1ccd77f89d299db8391e048f77708f8245",
    "https://deno.land/x/imagemagick_deno@0.0.26/src/magick-image-collection.ts": "aac08ac15396d6d371753989890125cd36d1e9c30e7676de1c2f08fdbe5d581a",
    "https://deno.land/x/imagemagick_deno@0.0.26/src/magick-image.ts": "57846cd9f4a9a7b0580b44af2fd9231485b4e019c7ed1165ded4b89c846f0950",
    "https://deno.land/x/imagemagick_deno@0.0.26/src/magick.ts": "1fd977495964df2b62aee25fce80f26c8964298375b0d6d30fcdf01266cf5289",
    "https://deno.land/x/imagemagick_deno@0.0.26/src/morphology-method.ts": "0f35a6165588d01764900aaa80b8087c5af3f42af6d4dcbeaea9d03f28826e9c",
    "https://deno.land/x/imagemagick_deno@0.0.26/src/native-instance.ts": "791c1dc7459d0daf53fd385d255edb9d84869edc2943cd1ff3b4b7c34aeeffb0",
    "https://deno.land/x/imagemagick_deno@0.0.26/src/orientation-type.ts": "a5c48feec25d432e5c3ad3ed76c929a7960836d3ab1012525c0f7883e4f46c30",
    "https://deno.land/x/imagemagick_deno@0.0.26/src/paint-method.ts": "0178827b90549bf587e8ae9e2757cb96607b1fffa5c05d0534a8de136a346d29",
    "https://deno.land/x/imagemagick_deno@0.0.26/src/percentage.ts": "00240337512949c97e407b006cdd025af5fc6db600adce9ca6193ab61e326291",
    "https://deno.land/x/imagemagick_deno@0.0.26/src/pixel-channel.ts": "1a6943107a0c9b73757b08b4e41bd72227fec2dbb29f7fe5871257abcf541fa1",
    "https://deno.land/x/imagemagick_deno@0.0.26/src/pixel-intensity-method.ts": "878744cbe8c1eb6198406a7a4c0655ecf3f0d1ae81b287b4b2bec031d22c7c07",
    "https://deno.land/x/imagemagick_deno@0.0.26/src/pixel-interpolate-method.ts": "d2c62675acb5d8fffca3e2c91c9a35bfebec62f2424268e5e240f9f17f57d356",
    "https://deno.land/x/imagemagick_deno@0.0.26/src/pixels/pixel-collection.ts": "e44aa8ebff8635d3959a20ffa9a545ce5df2dc2a8806f6b0d1d0092e185577f7",
    "https://deno.land/x/imagemagick_deno@0.0.26/src/point.ts": "f664938d0f39eadd41fe5eb8ca81c52b59a7f7138539afea3ddc863d25a4a935",
    "https://deno.land/x/imagemagick_deno@0.0.26/src/primary-info.ts": "87d9588a4ba37d0399e5c80fa7cbd602ed86ee544f6aeeab2f6bbe1ac366acef",
    "https://deno.land/x/imagemagick_deno@0.0.26/src/profiles/image-profile.ts": "ea1bb6406430a03cf9263a40260fcd8f99bcc14fa3629206fcbcd2679c94b4a2",
    "https://deno.land/x/imagemagick_deno@0.0.26/src/quantum.ts": "7e92f9cf73fc6ec89df48ab4c462339fad580f0b6a1e1009d3c5a5cb599dc3ed",
    "https://deno.land/x/imagemagick_deno@0.0.26/src/settings/distort-settings.ts": "cdb352260b90a140191c222bafde0740114062822400bdf89709bef1c2f40563",
    "https://deno.land/x/imagemagick_deno@0.0.26/src/settings/drawing-settings.ts": "c5191eff30944c7a6047dfdd4d6a6714cbd3e0154c4942bb53bfa25acc3399b2",
    "https://deno.land/x/imagemagick_deno@0.0.26/src/settings/magick-read-settings.ts": "d5e83efd74ff563146c5c074cefeead82e07763c0e75d271c6f1ba9f1fca3b63",
    "https://deno.land/x/imagemagick_deno@0.0.26/src/settings/magick-settings.ts": "257b5e8991df4e1daf363097c27fb0249e7d22516d1d935f7dd0407351c26c8c",
    "https://deno.land/x/imagemagick_deno@0.0.26/src/settings/montage-settings.ts": "db5dc688e2165b1a5501b6f2175c0453f9a1c435c6d1d20be657ddf26af2bb14",
    "https://deno.land/x/imagemagick_deno@0.0.26/src/settings/morphology-settings.ts": "ca9dae2ac683a815d372ae144cdda5433540bd009affeb760cd34b394ff782dc",
    "https://deno.land/x/imagemagick_deno@0.0.26/src/settings/native-drawing-settings.ts": "a69579abe2600a8ae13484f0abee16ec17d4c31213e95fe0fb9b581ee434af64",
    "https://deno.land/x/imagemagick_deno@0.0.26/src/settings/native-magick-settings.ts": "fa0b0f6721ef96a71e4a0ceea987649f681c1e9cf6f1a2bdea5acb8388e6a6a7",
    "https://deno.land/x/imagemagick_deno@0.0.26/src/settings/native-montage-settings.ts": "5b0c810053730ba63a6603fe4109c09ce02d3dd9f5a04ba1070094cb69a92433",
    "https://deno.land/x/imagemagick_deno@0.0.26/src/statistics.ts": "a9122f555b565d9869dcc9070d77febc54f2e12324932c6b8619e1a94b599885",
    "https://deno.land/x/imagemagick_deno@0.0.26/src/text-alignment.ts": "c4ba89bb5bafa88a19fb57cb0241d24670a5c3a22d186a934764614a59b665b6",
    "https://deno.land/x/imagemagick_deno@0.0.26/src/text-decoration.ts": "89bdd053d74685d1c727a696527089c45af3ce9bff3c058673b63e02612e36c3",
    "https://deno.land/x/imagemagick_deno@0.0.26/src/virtual-pixel-method.ts": "ae2f0520e05b382299e4d41f4d7e2c67baf727ef7c816037e601c978948b1451",
    "https://deno.land/x/imagemagick_deno@0.0.26/src/wasm/magick.ts": "b5ec7d6c3c7379f8f9ba0c23238f7024aa35f3a15edb2d1cbca4ccc44a186ac9",
    "https://deno.land/x/imagemagick_deno@0.0.26/src/wasm/magick_native.js": "ce63e9894f66443624d09f8d9524d3c985e4174d6848b0e0c77a09d5d5b4759e",
    "https://deno.land/x/imagescript@1.3.0/ImageScript.js": "cf90773c966031edd781ed176c598f7ed495e7694cd9b86c986d2d97f783cca0",
    "https://deno.land/x/imagescript@1.3.0/mod.ts": "18a6cb83c55e690c873505f6fe867364c678afb64934fe7aef593a6b92f79995",
    "https://deno.land/x/imagescript@1.3.0/png/src/crc.mjs": "5cf50de181d61dd00e66a240d811018ba5070afa8bba302f393604404604de84",
    "https://deno.land/x/imagescript@1.3.0/png/src/mem.mjs": "4968d400dae069b4bf0ef4767c1802fd2cc7d15d90eda4cfadf5b4cd19b96c6d",
    "https://deno.land/x/imagescript@1.3.0/png/src/png.mjs": "96ef0ceff1b5a6cd9304749e5f187b4ab238509fb5f9a8be8ee934240271ed8d",
    "https://deno.land/x/imagescript@1.3.0/png/src/zlib.mjs": "9867dc3fab1d31b664f9344b0d7e977f493d9c912a76c760d012ed2b89f7061c",
    "https://deno.land/x/imagescript@1.3.0/utils/buffer.js": "952cb1beb8827e50a493a5d1f29a4845e8c648789406d389dd51f51205ba02d8",
    "https://deno.land/x/imagescript@1.3.0/utils/crc32.js": "573d6222b3605890714ebc374e687ec2aa3e9a949223ea199483e47ca4864f7d",
    "https://deno.land/x/imagescript@1.3.0/utils/png.js": "fbed9117e0a70602645d70df9c103ff6e79c03e987bd5c1685dcb4200729b6de",
    "https://deno.land/x/imagescript@1.3.0/utils/wasm/font.js": "9e75d842608c057045698d6a7cdf5ffd27241b5cdea0391c89a1917b31294524",
    "https://deno.land/x/imagescript@1.3.0/utils/wasm/gif.js": "8b86f7b96486bb8ff50fbc7c7487f86cb5cef85e6acd71e1def78a1aa2f12e4f",
    "https://deno.land/x/imagescript@1.3.0/utils/wasm/jpeg.js": "75295e2fcf96b4f7bb894b3844fdaa8140d63169d28b466b5d5be89d59a7b6e6",
    "https://deno.land/x/imagescript@1.3.0/utils/wasm/png.js": "0659536a8dd8f892c8346e268b2754b4414fad0ec1e9794dfcde1ba1c804ee02",
    "https://deno.land/x/imagescript@1.3.0/utils/wasm/svg.js": "f5c8a9d1977b51a7c07549ceb6bbbaca9497321a193f28b3dc229a42d91bcf14",
    "https://deno.land/x/imagescript@1.3.0/utils/wasm/tiff.js": "c2d7bdaef094df25aae1752e75167f485e89275d76a1379e39d8949580b7af4f",
    "https://deno.land/x/imagescript@1.3.0/utils/wasm/zlib.js": "749875f83abffe24d3b977475a0cbd5f9b52bee1fbdbef61ec183cbfc17805f6",
    "https://deno.land/x/imagescript@1.3.0/v2/framebuffer.mjs": "add44ff184636659714b3c6d4b896f628545451abffbc30b5bcc2e8d9a73d012",
    "https://deno.land/x/imagescript@1.3.0/v2/ops/blur.mjs": "80716f1ffab8a2aeb54a036f583bf51a2b9dd37e005adc000add803df8e8a12f",
    "https://deno.land/x/imagescript@1.3.0/v2/ops/color.mjs": "5e72cdcbf97dc939a2795223f01e3cb0544c0c56b03ea2aa026050df58348814",
    "https://deno.land/x/imagescript@1.3.0/v2/ops/crop.mjs": "69431fa6f687fd9f0c31eff0ec27d7ac925275005e53a37f0c3fab4cc4d9a9ea",
    "https://deno.land/x/imagescript@1.3.0/v2/ops/fill.mjs": "cf1b9488314753fbc9ebf03410ac74c2a34ea5a69fb6892cd6e8366cd1930d93",
    "https://deno.land/x/imagescript@1.3.0/v2/ops/flip.mjs": "825a34a66567dcf15e76a719f1bf2f66fb106503cd69942292b1b0ae05c5718e",
    "https://deno.land/x/imagescript@1.3.0/v2/ops/index.mjs": "423ba687119be2bba8cec72890577d3afa3621b6b8108912242fe937a183f2aa",
    "https://deno.land/x/imagescript@1.3.0/v2/ops/iterator.mjs": "c2adf3d90ce00719a02c48c97634574176a3501ff026676259bd71aa8f5d69b9",
    "https://deno.land/x/imagescript@1.3.0/v2/ops/overlay.mjs": "7e6e2c2ffd25006d52597ab8babc5f8f503d388a3fdf2fbc0eaea02799a020c9",
    "https://deno.land/x/imagescript@1.3.0/v2/ops/resize.mjs": "814e78ebce8eaf8f1f918688db7b52a141405e06a36ed4b25d04413d69e7d17b",
    "https://deno.land/x/imagescript@1.3.0/v2/ops/rotate.mjs": "a1b65616717bd2eed8db406affea3263b4674dada46b56441ef38167a187455d",
    "https://deno.land/x/imagescript@1.3.0/v2/util/mem.mjs": "4968d400dae069b4bf0ef4767c1802fd2cc7d15d90eda4cfadf5b4cd19b96c6d",
    "https://esm.sh/preact@10.22.1?pin=v135": "c82def411ae2b4030ca15b6b19743ce83b8edb749c1ebc6014faa76b84acface",
    "https://esm.sh/stable/preact@10.22.1/denonext/preact.mjs": "516caa8df1109e0b82becdb053e7d956802ee2f3e3fa7f6925291e4d4a527706"
  }
}
